
Microsoft Visual Studio Solution File, Format Version 12.00
Project("{FAE04EC0-301F-11D3-BF4B-00C04F79EFBC}") = "dotnet-pulsar-astracdc", "dotnet-pulsar-astracdc.csproj", "{8164E9DC-75DF-451F-ADA6-AE0E725715C9}"
EndProject
Global
	GlobalSection(SolutionConfigurationPlatforms) = preSolution
		Debug|Any CPU = Debug|Any CPU
		Release|Any CPU = Release|Any CPU
	EndGlobalSection
	GlobalSection(ProjectConfigurationPlatforms) = postSolution
		{8164E9DC-75DF-451F-ADA6-AE0E725715C9}.Debug|Any CPU.ActiveCfg = Debug|Any CPU
		{8164E9DC-75DF-451F-ADA6-AE0E725715C9}.Debug|Any CPU.Build.0 = Debug|Any CPU
		{8164E9DC-75DF-451F-ADA6-AE0E725715C9}.Release|Any CPU.ActiveCfg = Release|Any CPU
		{8164E9DC-75DF-451F-ADA6-AE0E725715C9}.Release|Any CPU.Build.0 = Release|Any CPU
		{C725D1F1-785A-4BA6-8739-E6B7F6E77E8A}.Debug|Any CPU.ActiveCfg = Debug|Any CPU
		{C725D1F1-785A-4BA6-8739-E6B7F6E77E8A}.Debug|Any CPU.Build.0 = Debug|Any CPU
		{C725D1F1-785A-4BA6-8739-E6B7F6E77E8A}.Release|Any CPU.ActiveCfg = Release|Any CPU
		{C725D1F1-785A-4BA6-8739-E6B7F6E77E8A}.Release|Any CPU.Build.0 = Release|Any CPU
	EndGlobalSection
EndGlobal
